// !$*UTF8*$!
{
	archiveVersion = 1;
	classes = {
	};
	objectVersion = 56;
	objects = {

/* Begin PBXBuildFile section */
		13F149542BE0BA6900C0982E /* GitHub_Practice_2024App.swift in Sources */ = {isa = PBXBuildFile; fileRef = 13F149532BE0BA6900C0982E /* GitHub_Practice_2024App.swift */; };
		13F149562BE0BA6900C0982E /* ContentView.swift in Sources */ = {isa = PBXBuildFile; fileRef = 13F149552BE0BA6900C0982E /* ContentView.swift */; };
		13F149582BE0BA6B00C0982E /* Assets.xcassets in Resources */ = {isa = PBXBuildFile; fileRef = 13F149572BE0BA6B00C0982E /* Assets.xcassets */; };
		13F1495B2BE0BA6B00C0982E /* Preview Assets.xcassets in Resources */ = {isa = PBXBuildFile; fileRef = 13F1495A2BE0BA6B00C0982E /* Preview Assets.xcassets */; };
		13F149642BE0BAB100C0982E /* GyunniView.swift in Sources */ = {isa = PBXBuildFile; fileRef = 13F149632BE0BAB100C0982E /* GyunniView.swift */; };
		13F149672BE0BAD100C0982E /* Letter.swift in Sources */ = {isa = PBXBuildFile; fileRef = 13F149662BE0BAD100C0982E /* Letter.swift */; };
		17CB8B4D2BE3555C006E9496 /* NamudiView.swift in Sources */ = {isa = PBXBuildFile; fileRef = 17CB8B4C2BE3555C006E9496 /* NamudiView.swift */; };
		1B8D80EA2BE3538F00ED94A3 /* NowView.swift in Sources */ = {isa = PBXBuildFile; fileRef = 1B8D80E92BE3538F00ED94A3 /* NowView.swift */; };
		516DD4D22BF101270032D1CC /* IOView.swift in Sources */ = {isa = PBXBuildFile; fileRef = 516DD4D12BF101270032D1CC /* IOView.swift */; };
		551C8E202BE0C30500061F28 /* AceView.swift in Sources */ = {isa = PBXBuildFile; fileRef = 551C8E1F2BE0C30500061F28 /* AceView.swift */; };
		576031432BF0F3A800EDC20E /* EddieView.swift in Sources */ = {isa = PBXBuildFile; fileRef = 576031422BF0F3A800EDC20E /* EddieView.swift */; };
		84203E602BE353CC0045F0CE /* EvieView.swift in Sources */ = {isa = PBXBuildFile; fileRef = 84203E5F2BE353CC0045F0CE /* EvieView.swift */; };
		8D13C5BA2BE2A1B40063DFDD /* SnooqView.swift in Sources */ = {isa = PBXBuildFile; fileRef = 8D13C5B92BE2A1B40063DFDD /* SnooqView.swift */; };
		9D480E0A2BEF5B3A007B0E21 /* LucasView.swift in Sources */ = {isa = PBXBuildFile; fileRef = 9D480E092BEF5B3A007B0E21 /* LucasView.swift */; };
		C69844292BE0C2050004629D /* OnveView.swift in Sources */ = {isa = PBXBuildFile; fileRef = C69844282BE0C2050004629D /* OnveView.swift */; };
		C698442B2BE0C8E60004629D /* LiverView.swift in Sources */ = {isa = PBXBuildFile; fileRef = C698442A2BE0C8E60004629D /* LiverView.swift */; };
		D3B383FE2BF1A766004618EE /* BellView.swift in Sources */ = {isa = PBXBuildFile; fileRef = D3B383FD2BF1A766004618EE /* BellView.swift */; };
		DFA799B52BE0BD4D00C8FDEE /* KayaView.swift in Sources */ = {isa = PBXBuildFile; fileRef = DFA799B42BE0BD4D00C8FDEE /* KayaView.swift */; };
/* End PBXBuildFile section */

/* Begin PBXFileReference section */
		13F149502BE0BA6900C0982E /* GitHub Practice 2024.app */ = {isa = PBXFileReference; explicitFileType = wrapper.application; includeInIndex = 0; path = "GitHub Practice 2024.app"; sourceTree = BUILT_PRODUCTS_DIR; };
		13F149532BE0BA6900C0982E /* GitHub_Practice_2024App.swift */ = {isa = PBXFileReference; lastKnownFileType = sourcecode.swift; path = GitHub_Practice_2024App.swift; sourceTree = "<group>"; };
		13F149552BE0BA6900C0982E /* ContentView.swift */ = {isa = PBXFileReference; lastKnownFileType = sourcecode.swift; path = ContentView.swift; sourceTree = "<group>"; };
		13F149572BE0BA6B00C0982E /* Assets.xcassets */ = {isa = PBXFileReference; lastKnownFileType = folder.assetcatalog; path = Assets.xcassets; sourceTree = "<group>"; };
		13F1495A2BE0BA6B00C0982E /* Preview Assets.xcassets */ = {isa = PBXFileReference; lastKnownFileType = folder.assetcatalog; path = "Preview Assets.xcassets"; sourceTree = "<group>"; };
		13F149632BE0BAB100C0982E /* GyunniView.swift */ = {isa = PBXFileReference; lastKnownFileType = sourcecode.swift; path = GyunniView.swift; sourceTree = "<group>"; };
		13F149662BE0BAD100C0982E /* Letter.swift */ = {isa = PBXFileReference; lastKnownFileType = sourcecode.swift; path = Letter.swift; sourceTree = "<group>"; };
		17CB8B4C2BE3555C006E9496 /* NamudiView.swift */ = {isa = PBXFileReference; lastKnownFileType = sourcecode.swift; path = NamudiView.swift; sourceTree = "<group>"; };
		1B8D80E92BE3538F00ED94A3 /* NowView.swift */ = {isa = PBXFileReference; lastKnownFileType = sourcecode.swift; path = NowView.swift; sourceTree = "<group>"; };
		516DD4D12BF101270032D1CC /* IOView.swift */ = {isa = PBXFileReference; lastKnownFileType = sourcecode.swift; path = IOView.swift; sourceTree = "<group>"; };
		551C8E1F2BE0C30500061F28 /* AceView.swift */ = {isa = PBXFileReference; lastKnownFileType = sourcecode.swift; path = AceView.swift; sourceTree = "<group>"; };
		576031422BF0F3A800EDC20E /* EddieView.swift */ = {isa = PBXFileReference; lastKnownFileType = sourcecode.swift; path = EddieView.swift; sourceTree = "<group>"; };
		84203E5F2BE353CC0045F0CE /* EvieView.swift */ = {isa = PBXFileReference; lastKnownFileType = sourcecode.swift; path = EvieView.swift; sourceTree = "<group>"; };
		8D13C5B92BE2A1B40063DFDD /* SnooqView.swift */ = {isa = PBXFileReference; lastKnownFileType = sourcecode.swift; path = SnooqView.swift; sourceTree = "<group>"; };
		9D480E092BEF5B3A007B0E21 /* LucasView.swift */ = {isa = PBXFileReference; fileEncoding = 4; lastKnownFileType = sourcecode.swift; path = LucasView.swift; sourceTree = "<group>"; };
		C69844282BE0C2050004629D /* OnveView.swift */ = {isa = PBXFileReference; lastKnownFileType = sourcecode.swift; path = OnveView.swift; sourceTree = "<group>"; };
		C698442A2BE0C8E60004629D /* LiverView.swift */ = {isa = PBXFileReference; lastKnownFileType = sourcecode.swift; path = LiverView.swift; sourceTree = "<group>"; };
		D3B383FD2BF1A766004618EE /* BellView.swift */ = {isa = PBXFileReference; lastKnownFileType = sourcecode.swift; path = BellView.swift; sourceTree = "<group>"; };
		DFA799B42BE0BD4D00C8FDEE /* KayaView.swift */ = {isa = PBXFileReference; lastKnownFileType = sourcecode.swift; path = KayaView.swift; sourceTree = "<group>"; };
/* End PBXFileReference section */

/* Begin PBXFrameworksBuildPhase section */
		13F1494D2BE0BA6900C0982E /* Frameworks */ = {
			isa = PBXFrameworksBuildPhase;
			buildActionMask = 2147483647;
			files = (
			);
			runOnlyForDeploymentPostprocessing = 0;
		};
/* End PBXFrameworksBuildPhase section */

/* Begin PBXGroup section */
		13F149472BE0BA6900C0982E = {
			isa = PBXGroup;
			children = (
				13F149522BE0BA6900C0982E /* GitHub Practice 2024 */,
				13F149512BE0BA6900C0982E /* Products */,
			);
			sourceTree = "<group>";
		};
		13F149512BE0BA6900C0982E /* Products */ = {
			isa = PBXGroup;
			children = (
				13F149502BE0BA6900C0982E /* GitHub Practice 2024.app */,
			);
			name = Products;
			sourceTree = "<group>";
		};
		13F149522BE0BA6900C0982E /* GitHub Practice 2024 */ = {
			isa = PBXGroup;
			children = (
				13F149532BE0BA6900C0982E /* GitHub_Practice_2024App.swift */,
				13F149612BE0BA9200C0982E /* View */,
				13F149652BE0BAC000C0982E /* Model */,
				13F149572BE0BA6B00C0982E /* Assets.xcassets */,
				13F149592BE0BA6B00C0982E /* Preview Content */,
			);
			path = "GitHub Practice 2024";
			sourceTree = "<group>";
		};
		13F149592BE0BA6B00C0982E /* Preview Content */ = {
			isa = PBXGroup;
			children = (
				13F1495A2BE0BA6B00C0982E /* Preview Assets.xcassets */,
			);
			path = "Preview Content";
			sourceTree = "<group>";
		};
		13F149612BE0BA9200C0982E /* View */ = {
			isa = PBXGroup;
			children = (
				13F149552BE0BA6900C0982E /* ContentView.swift */,
				13F149622BE0BA9C00C0982E /* LetterViews */,
			);
			path = View;
			sourceTree = "<group>";
		};
		13F149622BE0BA9C00C0982E /* LetterViews */ = {
			isa = PBXGroup;
			children = (
				13F149632BE0BAB100C0982E /* GyunniView.swift */,
				DFA799B42BE0BD4D00C8FDEE /* KayaView.swift */,
				551C8E1F2BE0C30500061F28 /* AceView.swift */,
				C69844282BE0C2050004629D /* OnveView.swift */,
				576031422BF0F3A800EDC20E /* EddieView.swift */,
				C698442A2BE0C8E60004629D /* LiverView.swift */,
				84203E5F2BE353CC0045F0CE /* EvieView.swift */,
				17CB8B4C2BE3555C006E9496 /* NamudiView.swift */,
				8D13C5B92BE2A1B40063DFDD /* SnooqView.swift */,
				1B8D80E92BE3538F00ED94A3 /* NowView.swift */,
				9D480E092BEF5B3A007B0E21 /* LucasView.swift */,
				516DD4D12BF101270032D1CC /* IOView.swift */,
				D3B383FD2BF1A766004618EE /* BellView.swift */,
			);
			path = LetterViews;
			sourceTree = "<group>";
		};
		13F149652BE0BAC000C0982E /* Model */ = {
			isa = PBXGroup;
			children = (
				13F149662BE0BAD100C0982E /* Letter.swift */,
			);
			path = Model;
			sourceTree = "<group>";
		};
/* End PBXGroup section */

/* Begin PBXNativeTarget section */
		13F1494F2BE0BA6900C0982E /* GitHub Practice 2024 */ = {
			isa = PBXNativeTarget;
			buildConfigurationList = 13F1495E2BE0BA6B00C0982E /* Build configuration list for PBXNativeTarget "GitHub Practice 2024" */;
			buildPhases = (
				13F1494C2BE0BA6900C0982E /* Sources */,
				13F1494D2BE0BA6900C0982E /* Frameworks */,
				13F1494E2BE0BA6900C0982E /* Resources */,
			);
			buildRules = (
			);
			dependencies = (
			);
			name = "GitHub Practice 2024";
			productName = "GitHub Practice 2024";
			productReference = 13F149502BE0BA6900C0982E /* GitHub Practice 2024.app */;
			productType = "com.apple.product-type.application";
		};
/* End PBXNativeTarget section */

/* Begin PBXProject section */
		13F149482BE0BA6900C0982E /* Project object */ = {
			isa = PBXProject;
			attributes = {
				BuildIndependentTargetsInParallel = 1;
				LastSwiftUpdateCheck = 1530;
				LastUpgradeCheck = 1530;
				TargetAttributes = {
					13F1494F2BE0BA6900C0982E = {
						CreatedOnToolsVersion = 15.3;
					};
				};
			};
			buildConfigurationList = 13F1494B2BE0BA6900C0982E /* Build configuration list for PBXProject "GitHub Practice 2024" */;
			compatibilityVersion = "Xcode 14.0";
			developmentRegion = en;
			hasScannedForEncodings = 0;
			knownRegions = (
				en,
				Base,
			);
			mainGroup = 13F149472BE0BA6900C0982E;
			productRefGroup = 13F149512BE0BA6900C0982E /* Products */;
			projectDirPath = "";
			projectRoot = "";
			targets = (
				13F1494F2BE0BA6900C0982E /* GitHub Practice 2024 */,
			);
		};
/* End PBXProject section */

/* Begin PBXResourcesBuildPhase section */
		13F1494E2BE0BA6900C0982E /* Resources */ = {
			isa = PBXResourcesBuildPhase;
			buildActionMask = 2147483647;
			files = (
				13F1495B2BE0BA6B00C0982E /* Preview Assets.xcassets in Resources */,
				13F149582BE0BA6B00C0982E /* Assets.xcassets in Resources */,
			);
			runOnlyForDeploymentPostprocessing = 0;
		};
/* End PBXResourcesBuildPhase section */

/* Begin PBXSourcesBuildPhase section */
		13F1494C2BE0BA6900C0982E /* Sources */ = {
			isa = PBXSourcesBuildPhase;
			buildActionMask = 2147483647;
			files = (
				84203E602BE353CC0045F0CE /* EvieView.swift in Sources */,
				13F149562BE0BA6900C0982E /* ContentView.swift in Sources */,
				1B8D80EA2BE3538F00ED94A3 /* NowView.swift in Sources */,
				D3B383FE2BF1A766004618EE /* BellView.swift in Sources */,
				C698442B2BE0C8E60004629D /* LiverView.swift in Sources */,
				576031432BF0F3A800EDC20E /* EddieView.swift in Sources */,
				8D13C5BA2BE2A1B40063DFDD /* SnooqView.swift in Sources */,
				13F149642BE0BAB100C0982E /* GyunniView.swift in Sources */,
				551C8E202BE0C30500061F28 /* AceView.swift in Sources */,
				C69844292BE0C2050004629D /* OnveView.swift in Sources */,
				17CB8B4D2BE3555C006E9496 /* NamudiView.swift in Sources */,
				13F149542BE0BA6900C0982E /* GitHub_Practice_2024App.swift in Sources */,
				516DD4D22BF101270032D1CC /* IOView.swift in Sources */,
				DFA799B52BE0BD4D00C8FDEE /* KayaView.swift in Sources */,
				9D480E0A2BEF5B3A007B0E21 /* LucasView.swift in Sources */,
				13F149672BE0BAD100C0982E /* Letter.swift in Sources */,
			);
			runOnlyForDeploymentPostprocessing = 0;
		};
/* End PBXSourcesBuildPhase section */

/* Begin XCBuildConfiguration section */
		13F1495C2BE0BA6B00C0982E /* Debug */ = {
			isa = XCBuildConfiguration;
			buildSettings = {
				ALWAYS_SEARCH_USER_PATHS = NO;
				ASSETCATALOG_COMPILER_GENERATE_SWIFT_ASSET_SYMBOL_EXTENSIONS = YES;
				CLANG_ANALYZER_NONNULL = YES;
				CLANG_ANALYZER_NUMBER_OBJECT_CONVERSION = YES_AGGRESSIVE;
				CLANG_CXX_LANGUAGE_STANDARD = "gnu++20";
				CLANG_ENABLE_MODULES = YES;
				CLANG_ENABLE_OBJC_ARC = YES;
				CLANG_ENABLE_OBJC_WEAK = YES;
				CLANG_WARN_BLOCK_CAPTURE_AUTORELEASING = YES;
				CLANG_WARN_BOOL_CONVERSION = YES;
				CLANG_WARN_COMMA = YES;
				CLANG_WARN_CONSTANT_CONVERSION = YES;
				CLANG_WARN_DEPRECATED_OBJC_IMPLEMENTATIONS = YES;
				CLANG_WARN_DIRECT_OBJC_ISA_USAGE = YES_ERROR;
				CLANG_WARN_DOCUMENTATION_COMMENTS = YES;
				CLANG_WARN_EMPTY_BODY = YES;
				CLANG_WARN_ENUM_CONVERSION = YES;
				CLANG_WARN_INFINITE_RECURSION = YES;
				CLANG_WARN_INT_CONVERSION = YES;
				CLANG_WARN_NON_LITERAL_NULL_CONVERSION = YES;
				CLANG_WARN_OBJC_IMPLICIT_RETAIN_SELF = YES;
				CLANG_WARN_OBJC_LITERAL_CONVERSION = YES;
				CLANG_WARN_OBJC_ROOT_CLASS = YES_ERROR;
				CLANG_WARN_QUOTED_INCLUDE_IN_FRAMEWORK_HEADER = YES;
				CLANG_WARN_RANGE_LOOP_ANALYSIS = YES;
				CLANG_WARN_STRICT_PROTOTYPES = YES;
				CLANG_WARN_SUSPICIOUS_MOVE = YES;
				CLANG_WARN_UNGUARDED_AVAILABILITY = YES_AGGRESSIVE;
				CLANG_WARN_UNREACHABLE_CODE = YES;
				CLANG_WARN__DUPLICATE_METHOD_MATCH = YES;
				COPY_PHASE_STRIP = NO;
				DEBUG_INFORMATION_FORMAT = dwarf;
				ENABLE_STRICT_OBJC_MSGSEND = YES;
				ENABLE_TESTABILITY = YES;
				ENABLE_USER_SCRIPT_SANDBOXING = YES;
				GCC_C_LANGUAGE_STANDARD = gnu17;
				GCC_DYNAMIC_NO_PIC = NO;
				GCC_NO_COMMON_BLOCKS = YES;
				GCC_OPTIMIZATION_LEVEL = 0;
				GCC_PREPROCESSOR_DEFINITIONS = (
					"DEBUG=1",
					"$(inherited)",
				);
				GCC_WARN_64_TO_32_BIT_CONVERSION = YES;
				GCC_WARN_ABOUT_RETURN_TYPE = YES_ERROR;
				GCC_WARN_UNDECLARED_SELECTOR = YES;
				GCC_WARN_UNINITIALIZED_AUTOS = YES_AGGRESSIVE;
				GCC_WARN_UNUSED_FUNCTION = YES;
				GCC_WARN_UNUSED_VARIABLE = YES;
				IPHONEOS_DEPLOYMENT_TARGET = 17.4;
				LOCALIZATION_PREFERS_STRING_CATALOGS = YES;
				MTL_ENABLE_DEBUG_INFO = INCLUDE_SOURCE;
				MTL_FAST_MATH = YES;
				ONLY_ACTIVE_ARCH = YES;
				SDKROOT = iphoneos;
				SWIFT_ACTIVE_COMPILATION_CONDITIONS = "DEBUG $(inherited)";
				SWIFT_OPTIMIZATION_LEVEL = "-Onone";
			};
			name = Debug;
		};
		13F1495D2BE0BA6B00C0982E /* Release */ = {
			isa = XCBuildConfiguration;
			buildSettings = {
				ALWAYS_SEARCH_USER_PATHS = NO;
				ASSETCATALOG_COMPILER_GENERATE_SWIFT_ASSET_SYMBOL_EXTENSIONS = YES;
				CLANG_ANALYZER_NONNULL = YES;
				CLANG_ANALYZER_NUMBER_OBJECT_CONVERSION = YES_AGGRESSIVE;
				CLANG_CXX_LANGUAGE_STANDARD = "gnu++20";
				CLANG_ENABLE_MODULES = YES;
				CLANG_ENABLE_OBJC_ARC = YES;
				CLANG_ENABLE_OBJC_WEAK = YES;
				CLANG_WARN_BLOCK_CAPTURE_AUTORELEASING = YES;
				CLANG_WARN_BOOL_CONVERSION = YES;
				CLANG_WARN_COMMA = YES;
				CLANG_WARN_CONSTANT_CONVERSION = YES;
				CLANG_WARN_DEPRECATED_OBJC_IMPLEMENTATIONS = YES;
				CLANG_WARN_DIRECT_OBJC_ISA_USAGE = YES_ERROR;
				CLANG_WARN_DOCUMENTATION_COMMENTS = YES;
				CLANG_WARN_EMPTY_BODY = YES;
				CLANG_WARN_ENUM_CONVERSION = YES;
				CLANG_WARN_INFINITE_RECURSION = YES;
				CLANG_WARN_INT_CONVERSION = YES;
				CLANG_WARN_NON_LITERAL_NULL_CONVERSION = YES;
				CLANG_WARN_OBJC_IMPLICIT_RETAIN_SELF = YES;
				CLANG_WARN_OBJC_LITERAL_CONVERSION = YES;
				CLANG_WARN_OBJC_ROOT_CLASS = YES_ERROR;
				CLANG_WARN_QUOTED_INCLUDE_IN_FRAMEWORK_HEADER = YES;
				CLANG_WARN_RANGE_LOOP_ANALYSIS = YES;
				CLANG_WARN_STRICT_PROTOTYPES = YES;
				CLANG_WARN_SUSPICIOUS_MOVE = YES;
				CLANG_WARN_UNGUARDED_AVAILABILITY = YES_AGGRESSIVE;
				CLANG_WARN_UNREACHABLE_CODE = YES;
				CLANG_WARN__DUPLICATE_METHOD_MATCH = YES;
				COPY_PHASE_STRIP = NO;
				DEBUG_INFORMATION_FORMAT = "dwarf-with-dsym";
				ENABLE_NS_ASSERTIONS = NO;
				ENABLE_STRICT_OBJC_MSGSEND = YES;
				ENABLE_USER_SCRIPT_SANDBOXING = YES;
				GCC_C_LANGUAGE_STANDARD = gnu17;
				GCC_NO_COMMON_BLOCKS = YES;
				GCC_WARN_64_TO_32_BIT_CONVERSION = YES;
				GCC_WARN_ABOUT_RETURN_TYPE = YES_ERROR;
				GCC_WARN_UNDECLARED_SELECTOR = YES;
				GCC_WARN_UNINITIALIZED_AUTOS = YES_AGGRESSIVE;
				GCC_WARN_UNUSED_FUNCTION = YES;
				GCC_WARN_UNUSED_VARIABLE = YES;
				IPHONEOS_DEPLOYMENT_TARGET = 17.4;
				LOCALIZATION_PREFERS_STRING_CATALOGS = YES;
				MTL_ENABLE_DEBUG_INFO = NO;
				MTL_FAST_MATH = YES;
				SDKROOT = iphoneos;
				SWIFT_COMPILATION_MODE = wholemodule;
				VALIDATE_PRODUCT = YES;
			};
			name = Release;
		};
		13F1495F2BE0BA6B00C0982E /* Debug */ = {
			isa = XCBuildConfiguration;
			buildSettings = {
				ASSETCATALOG_COMPILER_APPICON_NAME = AppIcon;
				ASSETCATALOG_COMPILER_GLOBAL_ACCENT_COLOR_NAME = AccentColor;
				CODE_SIGN_STYLE = Automatic;
				CURRENT_PROJECT_VERSION = 1;
				DEVELOPMENT_ASSET_PATHS = "\"GitHub Practice 2024/Preview Content\"";
				DEVELOPMENT_TEAM = 47PZ53ZAF2;
				ENABLE_PREVIEWS = YES;
				GENERATE_INFOPLIST_FILE = YES;
				INFOPLIST_KEY_UIApplicationSceneManifest_Generation = YES;
				INFOPLIST_KEY_UIApplicationSupportsIndirectInputEvents = YES;
				INFOPLIST_KEY_UILaunchScreen_Generation = YES;
				INFOPLIST_KEY_UISupportedInterfaceOrientations_iPad = "UIInterfaceOrientationPortrait UIInterfaceOrientationPortraitUpsideDown UIInterfaceOrientationLandscapeLeft UIInterfaceOrientationLandscapeRight";
				INFOPLIST_KEY_UISupportedInterfaceOrientations_iPhone = "UIInterfaceOrientationPortrait UIInterfaceOrientationLandscapeLeft UIInterfaceOrientationLandscapeRight";
				IPHONEOS_DEPLOYMENT_TARGET = 17.2;
				LD_RUNPATH_SEARCH_PATHS = (
					"$(inherited)",
					"@executable_path/Frameworks",
				);
				MARKETING_VERSION = 1.0;
				PRODUCT_BUNDLE_IDENTIFIER = "AppleDeveloperAcademy.pos.GitHub-Practice-2024";
				PRODUCT_NAME = "$(TARGET_NAME)";
				SWIFT_EMIT_LOC_STRINGS = YES;
				SWIFT_VERSION = 5.0;
				TARGETED_DEVICE_FAMILY = "1,2";
			};
			name = Debug;
		};
		13F149602BE0BA6B00C0982E /* Release */ = {
			isa = XCBuildConfiguration;
			buildSettings = {
				ASSETCATALOG_COMPILER_APPICON_NAME = AppIcon;
				ASSETCATALOG_COMPILER_GLOBAL_ACCENT_COLOR_NAME = AccentColor;
				CODE_SIGN_STYLE = Automatic;
				CURRENT_PROJECT_VERSION = 1;
				DEVELOPMENT_ASSET_PATHS = "\"GitHub Practice 2024/Preview Content\"";
				DEVELOPMENT_TEAM = 47PZ53ZAF2;
				ENABLE_PREVIEWS = YES;
				GENERATE_INFOPLIST_FILE = YES;
				INFOPLIST_KEY_UIApplicationSceneManifest_Generation = YES;
				INFOPLIST_KEY_UIApplicationSupportsIndirectInputEvents = YES;
				INFOPLIST_KEY_UILaunchScreen_Generation = YES;
				INFOPLIST_KEY_UISupportedInterfaceOrientations_iPad = "UIInterfaceOrientationPortrait UIInterfaceOrientationPortraitUpsideDown UIInterfaceOrientationLandscapeLeft UIInterfaceOrientationLandscapeRight";
				INFOPLIST_KEY_UISupportedInterfaceOrientations_iPhone = "UIInterfaceOrientationPortrait UIInterfaceOrientationLandscapeLeft UIInterfaceOrientationLandscapeRight";
				IPHONEOS_DEPLOYMENT_TARGET = 17.2;
				LD_RUNPATH_SEARCH_PATHS = (
					"$(inherited)",
					"@executable_path/Frameworks",
				);
				MARKETING_VERSION = 1.0;
				PRODUCT_BUNDLE_IDENTIFIER = "AppleDeveloperAcademy.pos.GitHub-Practice-2024";
				PRODUCT_NAME = "$(TARGET_NAME)";
				SWIFT_EMIT_LOC_STRINGS = YES;
				SWIFT_VERSION = 5.0;
				TARGETED_DEVICE_FAMILY = "1,2";
			};
			name = Release;
		};
/* End XCBuildConfiguration section */

/* Begin XCConfigurationList section */
		13F1494B2BE0BA6900C0982E /* Build configuration list for PBXProject "GitHub Practice 2024" */ = {
			isa = XCConfigurationList;
			buildConfigurations = (
				13F1495C2BE0BA6B00C0982E /* Debug */,
				13F1495D2BE0BA6B00C0982E /* Release */,
			);
			defaultConfigurationIsVisible = 0;
			defaultConfigurationName = Release;
		};
		13F1495E2BE0BA6B00C0982E /* Build configuration list for PBXNativeTarget "GitHub Practice 2024" */ = {
			isa = XCConfigurationList;
			buildConfigurations = (
				13F1495F2BE0BA6B00C0982E /* Debug */,
				13F149602BE0BA6B00C0982E /* Release */,
			);
			defaultConfigurationIsVisible = 0;
			defaultConfigurationName = Release;
		};
/* End XCConfigurationList section */
	};
	rootObject = 13F149482BE0BA6900C0982E /* Project object */;
}
