// !$*UTF8*$!
{
	archiveVersion = 1;
	classes = {
	};
	objectVersion = 56;
	objects = {

/* Begin PBXBuildFile section */
		138603D72BF1D9540017729A /* JintoView.swift in Sources */ = {isa = PBXBuildFile; fileRef = 138603BE2BF1D9540017729A /* JintoView.swift */; };
		138603D82BF1D9540017729A /* BellView.swift in Sources */ = {isa = PBXBuildFile; fileRef = 138603BF2BF1D9540017729A /* BellView.swift */; };
		138603D92BF1D9540017729A /* DoryView.swift in Sources */ = {isa = PBXBuildFile; fileRef = 138603C02BF1D9540017729A /* DoryView.swift */; };
		138603DA2BF1D9540017729A /* SeanView.swift in Sources */ = {isa = PBXBuildFile; fileRef = 138603C12BF1D9540017729A /* SeanView.swift */; };
		138603DB2BF1D9540017729A /* EvieView.swift in Sources */ = {isa = PBXBuildFile; fileRef = 138603C22BF1D9540017729A /* EvieView.swift */; };
		138603DC2BF1D9540017729A /* NorangView.swift in Sources */ = {isa = PBXBuildFile; fileRef = 138603C32BF1D9540017729A /* NorangView.swift */; };
		138603DD2BF1D9540017729A /* BlisseyView.swift in Sources */ = {isa = PBXBuildFile; fileRef = 138603C42BF1D9540017729A /* BlisseyView.swift */; };
		138603DE2BF1D9540017729A /* NamudiView.swift in Sources */ = {isa = PBXBuildFile; fileRef = 138603C52BF1D9540017729A /* NamudiView.swift */; };
		138603DF2BF1D9540017729A /* KayaView.swift in Sources */ = {isa = PBXBuildFile; fileRef = 138603C62BF1D9540017729A /* KayaView.swift */; };
		138603E02BF1D9540017729A /* NowView.swift in Sources */ = {isa = PBXBuildFile; fileRef = 138603C72BF1D9540017729A /* NowView.swift */; };
		138603E12BF1D9540017729A /* LucasView.swift in Sources */ = {isa = PBXBuildFile; fileRef = 138603C82BF1D9540017729A /* LucasView.swift */; };
		138603E22BF1D9540017729A /* GhostView.swift in Sources */ = {isa = PBXBuildFile; fileRef = 138603C92BF1D9540017729A /* GhostView.swift */; };
		138603E32BF1D9540017729A /* GangView.swift in Sources */ = {isa = PBXBuildFile; fileRef = 138603CA2BF1D9540017729A /* GangView.swift */; };
		138603E42BF1D9540017729A /* LiverView.swift in Sources */ = {isa = PBXBuildFile; fileRef = 138603CB2BF1D9540017729A /* LiverView.swift */; };
		138603E52BF1D9540017729A /* HazelView.swift in Sources */ = {isa = PBXBuildFile; fileRef = 138603CC2BF1D9540017729A /* HazelView.swift */; };
		138603E62BF1D9540017729A /* IOView.swift in Sources */ = {isa = PBXBuildFile; fileRef = 138603CD2BF1D9540017729A /* IOView.swift */; };
		138603E72BF1D9540017729A /* SnooqView.swift in Sources */ = {isa = PBXBuildFile; fileRef = 138603CE2BF1D9540017729A /* SnooqView.swift */; };
		138603E82BF1D9540017729A /* EddieView.swift in Sources */ = {isa = PBXBuildFile; fileRef = 138603CF2BF1D9540017729A /* EddieView.swift */; };
		138603E92BF1D9540017729A /* PiView.swift in Sources */ = {isa = PBXBuildFile; fileRef = 138603D02BF1D9540017729A /* PiView.swift */; };
		138603EA2BF1D9540017729A /* TinaView.swift in Sources */ = {isa = PBXBuildFile; fileRef = 138603D12BF1D9540017729A /* TinaView.swift */; };
		138603EB2BF1D9540017729A /* AustinView.swift in Sources */ = {isa = PBXBuildFile; fileRef = 138603D22BF1D9540017729A /* AustinView.swift */; };
		138603EC2BF1D9540017729A /* AceView.swift in Sources */ = {isa = PBXBuildFile; fileRef = 138603D32BF1D9540017729A /* AceView.swift */; };
		138603ED2BF1D9540017729A /* MartyView.swift in Sources */ = {isa = PBXBuildFile; fileRef = 138603D42BF1D9540017729A /* MartyView.swift */; };
		138603EE2BF1D9540017729A /* GyunniView.swift in Sources */ = {isa = PBXBuildFile; fileRef = 138603D52BF1D9540017729A /* GyunniView.swift */; };
		138603EF2BF1D9540017729A /* OnveView.swift in Sources */ = {isa = PBXBuildFile; fileRef = 138603D62BF1D9540017729A /* OnveView.swift */; };
		13F149542BE0BA6900C0982E /* GitHub_Practice_2024App.swift in Sources */ = {isa = PBXBuildFile; fileRef = 13F149532BE0BA6900C0982E /* GitHub_Practice_2024App.swift */; };
		13F149562BE0BA6900C0982E /* ContentView.swift in Sources */ = {isa = PBXBuildFile; fileRef = 13F149552BE0BA6900C0982E /* ContentView.swift */; };
		13F149582BE0BA6B00C0982E /* Assets.xcassets in Resources */ = {isa = PBXBuildFile; fileRef = 13F149572BE0BA6B00C0982E /* Assets.xcassets */; };
		13F1495B2BE0BA6B00C0982E /* Preview Assets.xcassets in Resources */ = {isa = PBXBuildFile; fileRef = 13F1495A2BE0BA6B00C0982E /* Preview Assets.xcassets */; };
		13F149672BE0BAD100C0982E /* Letter.swift in Sources */ = {isa = PBXBuildFile; fileRef = 13F149662BE0BAD100C0982E /* Letter.swift */; };
/* End PBXBuildFile section */

/* Begin PBXFileReference section */
		138603BE2BF1D9540017729A /* JintoView.swift */ = {isa = PBXFileReference; fileEncoding = 4; lastKnownFileType = sourcecode.swift; path = JintoView.swift; sourceTree = "<group>"; };
		138603BF2BF1D9540017729A /* BellView.swift */ = {isa = PBXFileReference; fileEncoding = 4; lastKnownFileType = sourcecode.swift; path = BellView.swift; sourceTree = "<group>"; };
		138603C02BF1D9540017729A /* DoryView.swift */ = {isa = PBXFileReference; fileEncoding = 4; lastKnownFileType = sourcecode.swift; path = DoryView.swift; sourceTree = "<group>"; };
		138603C12BF1D9540017729A /* SeanView.swift */ = {isa = PBXFileReference; fileEncoding = 4; lastKnownFileType = sourcecode.swift; path = SeanView.swift; sourceTree = "<group>"; };
		138603C22BF1D9540017729A /* EvieView.swift */ = {isa = PBXFileReference; fileEncoding = 4; lastKnownFileType = sourcecode.swift; path = EvieView.swift; sourceTree = "<group>"; };
		138603C32BF1D9540017729A /* NorangView.swift */ = {isa = PBXFileReference; fileEncoding = 4; lastKnownFileType = sourcecode.swift; path = NorangView.swift; sourceTree = "<group>"; };
		138603C42BF1D9540017729A /* BlisseyView.swift */ = {isa = PBXFileReference; fileEncoding = 4; lastKnownFileType = sourcecode.swift; path = BlisseyView.swift; sourceTree = "<group>"; };
		138603C52BF1D9540017729A /* NamudiView.swift */ = {isa = PBXFileReference; fileEncoding = 4; lastKnownFileType = sourcecode.swift; path = NamudiView.swift; sourceTree = "<group>"; };
		138603C62BF1D9540017729A /* KayaView.swift */ = {isa = PBXFileReference; fileEncoding = 4; lastKnownFileType = sourcecode.swift; path = KayaView.swift; sourceTree = "<group>"; };
		138603C72BF1D9540017729A /* NowView.swift */ = {isa = PBXFileReference; fileEncoding = 4; lastKnownFileType = sourcecode.swift; path = NowView.swift; sourceTree = "<group>"; };
		138603C82BF1D9540017729A /* LucasView.swift */ = {isa = PBXFileReference; fileEncoding = 4; lastKnownFileType = sourcecode.swift; path = LucasView.swift; sourceTree = "<group>"; };
		138603C92BF1D9540017729A /* GhostView.swift */ = {isa = PBXFileReference; fileEncoding = 4; lastKnownFileType = sourcecode.swift; path = GhostView.swift; sourceTree = "<group>"; };
		138603CA2BF1D9540017729A /* GangView.swift */ = {isa = PBXFileReference; fileEncoding = 4; lastKnownFileType = sourcecode.swift; path = GangView.swift; sourceTree = "<group>"; };
		138603CB2BF1D9540017729A /* LiverView.swift */ = {isa = PBXFileReference; fileEncoding = 4; lastKnownFileType = sourcecode.swift; path = LiverView.swift; sourceTree = "<group>"; };
		138603CC2BF1D9540017729A /* HazelView.swift */ = {isa = PBXFileReference; fileEncoding = 4; lastKnownFileType = sourcecode.swift; path = HazelView.swift; sourceTree = "<group>"; };
		138603CD2BF1D9540017729A /* IOView.swift */ = {isa = PBXFileReference; fileEncoding = 4; lastKnownFileType = sourcecode.swift; path = IOView.swift; sourceTree = "<group>"; };
		138603CE2BF1D9540017729A /* SnooqView.swift */ = {isa = PBXFileReference; fileEncoding = 4; lastKnownFileType = sourcecode.swift; path = SnooqView.swift; sourceTree = "<group>"; };
		138603CF2BF1D9540017729A /* EddieView.swift */ = {isa = PBXFileReference; fileEncoding = 4; lastKnownFileType = sourcecode.swift; path = EddieView.swift; sourceTree = "<group>"; };
		138603D02BF1D9540017729A /* PiView.swift */ = {isa = PBXFileReference; fileEncoding = 4; lastKnownFileType = sourcecode.swift; path = PiView.swift; sourceTree = "<group>"; };
		138603D12BF1D9540017729A /* TinaView.swift */ = {isa = PBXFileReference; fileEncoding = 4; lastKnownFileType = sourcecode.swift; path = TinaView.swift; sourceTree = "<group>"; };
		138603D22BF1D9540017729A /* AustinView.swift */ = {isa = PBXFileReference; fileEncoding = 4; lastKnownFileType = sourcecode.swift; path = AustinView.swift; sourceTree = "<group>"; };
		138603D32BF1D9540017729A /* AceView.swift */ = {isa = PBXFileReference; fileEncoding = 4; lastKnownFileType = sourcecode.swift; path = AceView.swift; sourceTree = "<group>"; };
		138603D42BF1D9540017729A /* MartyView.swift */ = {isa = PBXFileReference; fileEncoding = 4; lastKnownFileType = sourcecode.swift; path = MartyView.swift; sourceTree = "<group>"; };
		138603D52BF1D9540017729A /* GyunniView.swift */ = {isa = PBXFileReference; fileEncoding = 4; lastKnownFileType = sourcecode.swift; path = GyunniView.swift; sourceTree = "<group>"; };
		138603D62BF1D9540017729A /* OnveView.swift */ = {isa = PBXFileReference; fileEncoding = 4; lastKnownFileType = sourcecode.swift; path = OnveView.swift; sourceTree = "<group>"; };
		13F149502BE0BA6900C0982E /* GitHub Practice 2024.app */ = {isa = PBXFileReference; explicitFileType = wrapper.application; includeInIndex = 0; path = "GitHub Practice 2024.app"; sourceTree = BUILT_PRODUCTS_DIR; };
		13F149532BE0BA6900C0982E /* GitHub_Practice_2024App.swift */ = {isa = PBXFileReference; lastKnownFileType = sourcecode.swift; path = GitHub_Practice_2024App.swift; sourceTree = "<group>"; };
		13F149552BE0BA6900C0982E /* ContentView.swift */ = {isa = PBXFileReference; lastKnownFileType = sourcecode.swift; path = ContentView.swift; sourceTree = "<group>"; };
		13F149572BE0BA6B00C0982E /* Assets.xcassets */ = {isa = PBXFileReference; lastKnownFileType = folder.assetcatalog; path = Assets.xcassets; sourceTree = "<group>"; };
		13F1495A2BE0BA6B00C0982E /* Preview Assets.xcassets */ = {isa = PBXFileReference; lastKnownFileType = folder.assetcatalog; path = "Preview Assets.xcassets"; sourceTree = "<group>"; };
		13F149662BE0BAD100C0982E /* Letter.swift */ = {isa = PBXFileReference; lastKnownFileType = sourcecode.swift; path = Letter.swift; sourceTree = "<group>"; };
/* End PBXFileReference section */

/* Begin PBXFrameworksBuildPhase section */
		13F1494D2BE0BA6900C0982E /* Frameworks */ = {
			isa = PBXFrameworksBuildPhase;
			buildActionMask = 2147483647;
			files = (
			);
			runOnlyForDeploymentPostprocessing = 0;
		};
/* End PBXFrameworksBuildPhase section */

/* Begin PBXGroup section */
		13F149472BE0BA6900C0982E = {
			isa = PBXGroup;
			children = (
				13F149522BE0BA6900C0982E /* GitHub Practice 2024 */,
				13F149512BE0BA6900C0982E /* Products */,
			);
			sourceTree = "<group>";
		};
		13F149512BE0BA6900C0982E /* Products */ = {
			isa = PBXGroup;
			children = (
				13F149502BE0BA6900C0982E /* GitHub Practice 2024.app */,
			);
			name = Products;
			sourceTree = "<group>";
		};
		13F149522BE0BA6900C0982E /* GitHub Practice 2024 */ = {
			isa = PBXGroup;
			children = (
				13F149532BE0BA6900C0982E /* GitHub_Practice_2024App.swift */,
				13F149612BE0BA9200C0982E /* View */,
				13F149652BE0BAC000C0982E /* Model */,
				13F149572BE0BA6B00C0982E /* Assets.xcassets */,
				13F149592BE0BA6B00C0982E /* Preview Content */,
			);
			path = "GitHub Practice 2024";
			sourceTree = "<group>";
		};
		13F149592BE0BA6B00C0982E /* Preview Content */ = {
			isa = PBXGroup;
			children = (
				13F1495A2BE0BA6B00C0982E /* Preview Assets.xcassets */,
			);
			path = "Preview Content";
			sourceTree = "<group>";
		};
		13F149612BE0BA9200C0982E /* View */ = {
			isa = PBXGroup;
			children = (
				13F149552BE0BA6900C0982E /* ContentView.swift */,
				13F149622BE0BA9C00C0982E /* LetterViews */,
			);
			path = View;
			sourceTree = "<group>";
		};
		13F149622BE0BA9C00C0982E /* LetterViews */ = {
			isa = PBXGroup;
			children = (
				138603D32BF1D9540017729A /* AceView.swift */,
				138603D22BF1D9540017729A /* AustinView.swift */,
				138603BF2BF1D9540017729A /* BellView.swift */,
				138603C42BF1D9540017729A /* BlisseyView.swift */,
				138603C02BF1D9540017729A /* DoryView.swift */,
				138603CF2BF1D9540017729A /* EddieView.swift */,
				138603C22BF1D9540017729A /* EvieView.swift */,
				138603CA2BF1D9540017729A /* GangView.swift */,
				138603C92BF1D9540017729A /* GhostView.swift */,
				138603D52BF1D9540017729A /* GyunniView.swift */,
				138603CC2BF1D9540017729A /* HazelView.swift */,
				138603CD2BF1D9540017729A /* IOView.swift */,
				138603BE2BF1D9540017729A /* JintoView.swift */,
				138603C62BF1D9540017729A /* KayaView.swift */,
				138603CB2BF1D9540017729A /* LiverView.swift */,
				138603C82BF1D9540017729A /* LucasView.swift */,
				138603D42BF1D9540017729A /* MartyView.swift */,
				138603C52BF1D9540017729A /* NamudiView.swift */,
				138603C32BF1D9540017729A /* NorangView.swift */,
				138603C72BF1D9540017729A /* NowView.swift */,
				138603D62BF1D9540017729A /* OnveView.swift */,
				138603D02BF1D9540017729A /* PiView.swift */,
				138603C12BF1D9540017729A /* SeanView.swift */,
				138603CE2BF1D9540017729A /* SnooqView.swift */,
				138603D12BF1D9540017729A /* TinaView.swift */,
			);
			path = LetterViews;
			sourceTree = "<group>";
		};
		13F149652BE0BAC000C0982E /* Model */ = {
			isa = PBXGroup;
			children = (
				13F149662BE0BAD100C0982E /* Letter.swift */,
			);
			path = Model;
			sourceTree = "<group>";
		};
/* End PBXGroup section */

/* Begin PBXNativeTarget section */
		13F1494F2BE0BA6900C0982E /* GitHub Practice 2024 */ = {
			isa = PBXNativeTarget;
			buildConfigurationList = 13F1495E2BE0BA6B00C0982E /* Build configuration list for PBXNativeTarget "GitHub Practice 2024" */;
			buildPhases = (
				13F1494C2BE0BA6900C0982E /* Sources */,
				13F1494D2BE0BA6900C0982E /* Frameworks */,
				13F1494E2BE0BA6900C0982E /* Resources */,
			);
			buildRules = (
			);
			dependencies = (
			);
			name = "GitHub Practice 2024";
			productName = "GitHub Practice 2024";
			productReference = 13F149502BE0BA6900C0982E /* GitHub Practice 2024.app */;
			productType = "com.apple.product-type.application";
		};
/* End PBXNativeTarget section */

/* Begin PBXProject section */
		13F149482BE0BA6900C0982E /* Project object */ = {
			isa = PBXProject;
			attributes = {
				BuildIndependentTargetsInParallel = 1;
				LastSwiftUpdateCheck = 1530;
				LastUpgradeCheck = 1530;
				TargetAttributes = {
					13F1494F2BE0BA6900C0982E = {
						CreatedOnToolsVersion = 15.3;
					};
				};
			};
			buildConfigurationList = 13F1494B2BE0BA6900C0982E /* Build configuration list for PBXProject "GitHub Practice 2024" */;
			compatibilityVersion = "Xcode 14.0";
			developmentRegion = en;
			hasScannedForEncodings = 0;
			knownRegions = (
				en,
				Base,
			);
			mainGroup = 13F149472BE0BA6900C0982E;
			productRefGroup = 13F149512BE0BA6900C0982E /* Products */;
			projectDirPath = "";
			projectRoot = "";
			targets = (
				13F1494F2BE0BA6900C0982E /* GitHub Practice 2024 */,
			);
		};
/* End PBXProject section */

/* Begin PBXResourcesBuildPhase section */
		13F1494E2BE0BA6900C0982E /* Resources */ = {
			isa = PBXResourcesBuildPhase;
			buildActionMask = 2147483647;
			files = (
				13F1495B2BE0BA6B00C0982E /* Preview Assets.xcassets in Resources */,
				13F149582BE0BA6B00C0982E /* Assets.xcassets in Resources */,
			);
			runOnlyForDeploymentPostprocessing = 0;
		};
/* End PBXResourcesBuildPhase section */

/* Begin PBXSourcesBuildPhase section */
		13F1494C2BE0BA6900C0982E /* Sources */ = {
			isa = PBXSourcesBuildPhase;
			buildActionMask = 2147483647;
			files = (
				138603DD2BF1D9540017729A /* BlisseyView.swift in Sources */,
				138603E32BF1D9540017729A /* GangView.swift in Sources */,
				138603D92BF1D9540017729A /* DoryView.swift in Sources */,
				138603DF2BF1D9540017729A /* KayaView.swift in Sources */,
				138603E42BF1D9540017729A /* LiverView.swift in Sources */,
				138603E22BF1D9540017729A /* GhostView.swift in Sources */,
				138603E12BF1D9540017729A /* LucasView.swift in Sources */,
				13F149562BE0BA6900C0982E /* ContentView.swift in Sources */,
				138603EC2BF1D9540017729A /* AceView.swift in Sources */,
				138603E92BF1D9540017729A /* PiView.swift in Sources */,
				138603EB2BF1D9540017729A /* AustinView.swift in Sources */,
				138603EF2BF1D9540017729A /* OnveView.swift in Sources */,
				138603E62BF1D9540017729A /* IOView.swift in Sources */,
				138603DE2BF1D9540017729A /* NamudiView.swift in Sources */,
				138603E82BF1D9540017729A /* EddieView.swift in Sources */,
				138603ED2BF1D9540017729A /* MartyView.swift in Sources */,
				138603D72BF1D9540017729A /* JintoView.swift in Sources */,
				138603E52BF1D9540017729A /* HazelView.swift in Sources */,
				138603E02BF1D9540017729A /* NowView.swift in Sources */,
				138603EE2BF1D9540017729A /* GyunniView.swift in Sources */,
				138603EA2BF1D9540017729A /* TinaView.swift in Sources */,
				13F149542BE0BA6900C0982E /* GitHub_Practice_2024App.swift in Sources */,
				138603DA2BF1D9540017729A /* SeanView.swift in Sources */,
				138603DC2BF1D9540017729A /* NorangView.swift in Sources */,
				138603D82BF1D9540017729A /* BellView.swift in Sources */,
				138603E72BF1D9540017729A /* SnooqView.swift in Sources */,
				138603DB2BF1D9540017729A /* EvieView.swift in Sources */,
				13F149672BE0BAD100C0982E /* Letter.swift in Sources */,
			);
			runOnlyForDeploymentPostprocessing = 0;
		};
/* End PBXSourcesBuildPhase section */

/* Begin XCBuildConfiguration section */
		13F1495C2BE0BA6B00C0982E /* Debug */ = {
			isa = XCBuildConfiguration;
			buildSettings = {
				ALWAYS_SEARCH_USER_PATHS = NO;
				ASSETCATALOG_COMPILER_GENERATE_SWIFT_ASSET_SYMBOL_EXTENSIONS = YES;
				CLANG_ANALYZER_NONNULL = YES;
				CLANG_ANALYZER_NUMBER_OBJECT_CONVERSION = YES_AGGRESSIVE;
				CLANG_CXX_LANGUAGE_STANDARD = "gnu++20";
				CLANG_ENABLE_MODULES = YES;
				CLANG_ENABLE_OBJC_ARC = YES;
				CLANG_ENABLE_OBJC_WEAK = YES;
				CLANG_WARN_BLOCK_CAPTURE_AUTORELEASING = YES;
				CLANG_WARN_BOOL_CONVERSION = YES;
				CLANG_WARN_COMMA = YES;
				CLANG_WARN_CONSTANT_CONVERSION = YES;
				CLANG_WARN_DEPRECATED_OBJC_IMPLEMENTATIONS = YES;
				CLANG_WARN_DIRECT_OBJC_ISA_USAGE = YES_ERROR;
				CLANG_WARN_DOCUMENTATION_COMMENTS = YES;
				CLANG_WARN_EMPTY_BODY = YES;
				CLANG_WARN_ENUM_CONVERSION = YES;
				CLANG_WARN_INFINITE_RECURSION = YES;
				CLANG_WARN_INT_CONVERSION = YES;
				CLANG_WARN_NON_LITERAL_NULL_CONVERSION = YES;
				CLANG_WARN_OBJC_IMPLICIT_RETAIN_SELF = YES;
				CLANG_WARN_OBJC_LITERAL_CONVERSION = YES;
				CLANG_WARN_OBJC_ROOT_CLASS = YES_ERROR;
				CLANG_WARN_QUOTED_INCLUDE_IN_FRAMEWORK_HEADER = YES;
				CLANG_WARN_RANGE_LOOP_ANALYSIS = YES;
				CLANG_WARN_STRICT_PROTOTYPES = YES;
				CLANG_WARN_SUSPICIOUS_MOVE = YES;
				CLANG_WARN_UNGUARDED_AVAILABILITY = YES_AGGRESSIVE;
				CLANG_WARN_UNREACHABLE_CODE = YES;
				CLANG_WARN__DUPLICATE_METHOD_MATCH = YES;
				COPY_PHASE_STRIP = NO;
				DEBUG_INFORMATION_FORMAT = dwarf;
				ENABLE_STRICT_OBJC_MSGSEND = YES;
				ENABLE_TESTABILITY = YES;
				ENABLE_USER_SCRIPT_SANDBOXING = YES;
				GCC_C_LANGUAGE_STANDARD = gnu17;
				GCC_DYNAMIC_NO_PIC = NO;
				GCC_NO_COMMON_BLOCKS = YES;
				GCC_OPTIMIZATION_LEVEL = 0;
				GCC_PREPROCESSOR_DEFINITIONS = (
					"DEBUG=1",
					"$(inherited)",
				);
				GCC_WARN_64_TO_32_BIT_CONVERSION = YES;
				GCC_WARN_ABOUT_RETURN_TYPE = YES_ERROR;
				GCC_WARN_UNDECLARED_SELECTOR = YES;
				GCC_WARN_UNINITIALIZED_AUTOS = YES_AGGRESSIVE;
				GCC_WARN_UNUSED_FUNCTION = YES;
				GCC_WARN_UNUSED_VARIABLE = YES;
				IPHONEOS_DEPLOYMENT_TARGET = 17.2;
				LOCALIZATION_PREFERS_STRING_CATALOGS = YES;
				MTL_ENABLE_DEBUG_INFO = INCLUDE_SOURCE;
				MTL_FAST_MATH = YES;
				ONLY_ACTIVE_ARCH = YES;
				SDKROOT = iphoneos;
				SWIFT_ACTIVE_COMPILATION_CONDITIONS = "DEBUG $(inherited)";
				SWIFT_OPTIMIZATION_LEVEL = "-Onone";
			};
			name = Debug;
		};
		13F1495D2BE0BA6B00C0982E /* Release */ = {
			isa = XCBuildConfiguration;
			buildSettings = {
				ALWAYS_SEARCH_USER_PATHS = NO;
				ASSETCATALOG_COMPILER_GENERATE_SWIFT_ASSET_SYMBOL_EXTENSIONS = YES;
				CLANG_ANALYZER_NONNULL = YES;
				CLANG_ANALYZER_NUMBER_OBJECT_CONVERSION = YES_AGGRESSIVE;
				CLANG_CXX_LANGUAGE_STANDARD = "gnu++20";
				CLANG_ENABLE_MODULES = YES;
				CLANG_ENABLE_OBJC_ARC = YES;
				CLANG_ENABLE_OBJC_WEAK = YES;
				CLANG_WARN_BLOCK_CAPTURE_AUTORELEASING = YES;
				CLANG_WARN_BOOL_CONVERSION = YES;
				CLANG_WARN_COMMA = YES;
				CLANG_WARN_CONSTANT_CONVERSION = YES;
				CLANG_WARN_DEPRECATED_OBJC_IMPLEMENTATIONS = YES;
				CLANG_WARN_DIRECT_OBJC_ISA_USAGE = YES_ERROR;
				CLANG_WARN_DOCUMENTATION_COMMENTS = YES;
				CLANG_WARN_EMPTY_BODY = YES;
				CLANG_WARN_ENUM_CONVERSION = YES;
				CLANG_WARN_INFINITE_RECURSION = YES;
				CLANG_WARN_INT_CONVERSION = YES;
				CLANG_WARN_NON_LITERAL_NULL_CONVERSION = YES;
				CLANG_WARN_OBJC_IMPLICIT_RETAIN_SELF = YES;
				CLANG_WARN_OBJC_LITERAL_CONVERSION = YES;
				CLANG_WARN_OBJC_ROOT_CLASS = YES_ERROR;
				CLANG_WARN_QUOTED_INCLUDE_IN_FRAMEWORK_HEADER = YES;
				CLANG_WARN_RANGE_LOOP_ANALYSIS = YES;
				CLANG_WARN_STRICT_PROTOTYPES = YES;
				CLANG_WARN_SUSPICIOUS_MOVE = YES;
				CLANG_WARN_UNGUARDED_AVAILABILITY = YES_AGGRESSIVE;
				CLANG_WARN_UNREACHABLE_CODE = YES;
				CLANG_WARN__DUPLICATE_METHOD_MATCH = YES;
				COPY_PHASE_STRIP = NO;
				DEBUG_INFORMATION_FORMAT = "dwarf-with-dsym";
				ENABLE_NS_ASSERTIONS = NO;
				ENABLE_STRICT_OBJC_MSGSEND = YES;
				ENABLE_USER_SCRIPT_SANDBOXING = YES;
				GCC_C_LANGUAGE_STANDARD = gnu17;
				GCC_NO_COMMON_BLOCKS = YES;
				GCC_WARN_64_TO_32_BIT_CONVERSION = YES;
				GCC_WARN_ABOUT_RETURN_TYPE = YES_ERROR;
				GCC_WARN_UNDECLARED_SELECTOR = YES;
				GCC_WARN_UNINITIALIZED_AUTOS = YES_AGGRESSIVE;
				GCC_WARN_UNUSED_FUNCTION = YES;
				GCC_WARN_UNUSED_VARIABLE = YES;
				IPHONEOS_DEPLOYMENT_TARGET = 17.2;
				LOCALIZATION_PREFERS_STRING_CATALOGS = YES;
				MTL_ENABLE_DEBUG_INFO = NO;
				MTL_FAST_MATH = YES;
				SDKROOT = iphoneos;
				SWIFT_COMPILATION_MODE = wholemodule;
				VALIDATE_PRODUCT = YES;
			};
			name = Release;
		};
		13F1495F2BE0BA6B00C0982E /* Debug */ = {
			isa = XCBuildConfiguration;
			buildSettings = {
				ASSETCATALOG_COMPILER_APPICON_NAME = AppIcon;
				ASSETCATALOG_COMPILER_GLOBAL_ACCENT_COLOR_NAME = AccentColor;
				CODE_SIGN_STYLE = Automatic;
				CURRENT_PROJECT_VERSION = 1;
				DEVELOPMENT_ASSET_PATHS = "\"GitHub Practice 2024/Preview Content\"";
				DEVELOPMENT_TEAM = G7X65ZSJ3J;
				ENABLE_PREVIEWS = YES;
				GENERATE_INFOPLIST_FILE = YES;
				INFOPLIST_KEY_UIApplicationSceneManifest_Generation = YES;
				INFOPLIST_KEY_UIApplicationSupportsIndirectInputEvents = YES;
				INFOPLIST_KEY_UILaunchScreen_Generation = YES;
				INFOPLIST_KEY_UISupportedInterfaceOrientations_iPad = "UIInterfaceOrientationPortrait UIInterfaceOrientationPortraitUpsideDown UIInterfaceOrientationLandscapeLeft UIInterfaceOrientationLandscapeRight";
				INFOPLIST_KEY_UISupportedInterfaceOrientations_iPhone = "UIInterfaceOrientationPortrait UIInterfaceOrientationLandscapeLeft UIInterfaceOrientationLandscapeRight";
				IPHONEOS_DEPLOYMENT_TARGET = 17.2;
				LD_RUNPATH_SEARCH_PATHS = (
					"$(inherited)",
					"@executable_path/Frameworks",
				);
				MARKETING_VERSION = 1.0;
				PRODUCT_BUNDLE_IDENTIFIER = "AppleDeveloperAcademy.pos.GitHub-Practice-2024";
				PRODUCT_NAME = "$(TARGET_NAME)";
				SWIFT_EMIT_LOC_STRINGS = YES;
				SWIFT_VERSION = 5.0;
				TARGETED_DEVICE_FAMILY = "1,2";
			};
			name = Debug;
		};
		13F149602BE0BA6B00C0982E /* Release */ = {
			isa = XCBuildConfiguration;
			buildSettings = {
				ASSETCATALOG_COMPILER_APPICON_NAME = AppIcon;
				ASSETCATALOG_COMPILER_GLOBAL_ACCENT_COLOR_NAME = AccentColor;
				CODE_SIGN_STYLE = Automatic;
				CURRENT_PROJECT_VERSION = 1;
				DEVELOPMENT_ASSET_PATHS = "\"GitHub Practice 2024/Preview Content\"";
				DEVELOPMENT_TEAM = G7X65ZSJ3J;
				ENABLE_PREVIEWS = YES;
				GENERATE_INFOPLIST_FILE = YES;
				INFOPLIST_KEY_UIApplicationSceneManifest_Generation = YES;
				INFOPLIST_KEY_UIApplicationSupportsIndirectInputEvents = YES;
				INFOPLIST_KEY_UILaunchScreen_Generation = YES;
				INFOPLIST_KEY_UISupportedInterfaceOrientations_iPad = "UIInterfaceOrientationPortrait UIInterfaceOrientationPortraitUpsideDown UIInterfaceOrientationLandscapeLeft UIInterfaceOrientationLandscapeRight";
				INFOPLIST_KEY_UISupportedInterfaceOrientations_iPhone = "UIInterfaceOrientationPortrait UIInterfaceOrientationLandscapeLeft UIInterfaceOrientationLandscapeRight";
				IPHONEOS_DEPLOYMENT_TARGET = 17.2;
				LD_RUNPATH_SEARCH_PATHS = (
					"$(inherited)",
					"@executable_path/Frameworks",
				);
				MARKETING_VERSION = 1.0;
				PRODUCT_BUNDLE_IDENTIFIER = "AppleDeveloperAcademy.pos.GitHub-Practice-2024";
				PRODUCT_NAME = "$(TARGET_NAME)";
				SWIFT_EMIT_LOC_STRINGS = YES;
				SWIFT_VERSION = 5.0;
				TARGETED_DEVICE_FAMILY = "1,2";
			};
			name = Release;
		};
/* End XCBuildConfiguration section */

/* Begin XCConfigurationList section */
		13F1494B2BE0BA6900C0982E /* Build configuration list for PBXProject "GitHub Practice 2024" */ = {
			isa = XCConfigurationList;
			buildConfigurations = (
				13F1495C2BE0BA6B00C0982E /* Debug */,
				13F1495D2BE0BA6B00C0982E /* Release */,
			);
			defaultConfigurationIsVisible = 0;
			defaultConfigurationName = Release;
		};
		13F1495E2BE0BA6B00C0982E /* Build configuration list for PBXNativeTarget "GitHub Practice 2024" */ = {
			isa = XCConfigurationList;
			buildConfigurations = (
				13F1495F2BE0BA6B00C0982E /* Debug */,
				13F149602BE0BA6B00C0982E /* Release */,
			);
			defaultConfigurationIsVisible = 0;
			defaultConfigurationName = Release;
		};
/* End XCConfigurationList section */
	};
	rootObject = 13F149482BE0BA6900C0982E /* Project object */;
}
